// !$*UTF8*$!
{
	archiveVersion = 1;
	classes = {
	};
	objectVersion = 46;
	objects = {

/* Begin PBXBuildFile section */
		F4CB301B1D09750F00ED565A /* AppDelegate.swift in Sources */ = {isa = PBXBuildFile; fileRef = F4CB301A1D09750F00ED565A /* AppDelegate.swift */; };
		F4CB301D1D09750F00ED565A /* ViewController.swift in Sources */ = {isa = PBXBuildFile; fileRef = F4CB301C1D09750F00ED565A /* ViewController.swift */; };
		F4CB30201D09750F00ED565A /* Main.storyboard in Resources */ = {isa = PBXBuildFile; fileRef = F4CB301E1D09750F00ED565A /* Main.storyboard */; };
		F4CB30221D09750F00ED565A /* Assets.xcassets in Resources */ = {isa = PBXBuildFile; fileRef = F4CB30211D09750F00ED565A /* Assets.xcassets */; };
		F4CB30251D09750F00ED565A /* LaunchScreen.storyboard in Resources */ = {isa = PBXBuildFile; fileRef = F4CB30231D09750F00ED565A /* LaunchScreen.storyboard */; };
		F4CB30301D09750F00ED565A /* photomasterTests.swift in Sources */ = {isa = PBXBuildFile; fileRef = F4CB302F1D09750F00ED565A /* photomasterTests.swift */; };
		F4CB303B1D09750F00ED565A /* photomasterUITests.swift in Sources */ = {isa = PBXBuildFile; fileRef = F4CB303A1D09750F00ED565A /* photomasterUITests.swift */; };
/* End PBXBuildFile section */

/* Begin PBXContainerItemProxy section */
		F4CB302C1D09750F00ED565A /* PBXContainerItemProxy */ = {
			isa = PBXContainerItemProxy;
			containerPortal = F4CB300F1D09750F00ED565A /* Project object */;
			proxyType = 1;
			remoteGlobalIDString = F4CB30161D09750F00ED565A;
			remoteInfo = photomaster;
		};
		F4CB30371D09750F00ED565A /* PBXContainerItemProxy */ = {
			isa = PBXContainerItemProxy;
			containerPortal = F4CB300F1D09750F00ED565A /* Project object */;
			proxyType = 1;
			remoteGlobalIDString = F4CB30161D09750F00ED565A;
			remoteInfo = photomaster;
		};
/* End PBXContainerItemProxy section */

/* Begin PBXFileReference section */
		F4CB30171D09750F00ED565A /* photomaster.app */ = {isa = PBXFileReference; explicitFileType = wrapper.application; includeInIndex = 0; path = photomaster.app; sourceTree = BUILT_PRODUCTS_DIR; };
		F4CB301A1D09750F00ED565A /* AppDelegate.swift */ = {isa = PBXFileReference; lastKnownFileType = sourcecode.swift; path = AppDelegate.swift; sourceTree = "<group>"; };
		F4CB301C1D09750F00ED565A /* ViewController.swift */ = {isa = PBXFileReference; lastKnownFileType = sourcecode.swift; path = ViewController.swift; sourceTree = "<group>"; };
		F4CB301F1D09750F00ED565A /* Base */ = {isa = PBXFileReference; lastKnownFileType = file.storyboard; name = Base; path = Base.lproj/Main.storyboard; sourceTree = "<group>"; };
		F4CB30211D09750F00ED565A /* Assets.xcassets */ = {isa = PBXFileReference; lastKnownFileType = folder.assetcatalog; path = Assets.xcassets; sourceTree = "<group>"; };
		F4CB30241D09750F00ED565A /* Base */ = {isa = PBXFileReference; lastKnownFileType = file.storyboard; name = Base; path = Base.lproj/LaunchScreen.storyboard; sourceTree = "<group>"; };
		F4CB30261D09750F00ED565A /* Info.plist */ = {isa = PBXFileReference; lastKnownFileType = text.plist.xml; path = Info.plist; sourceTree = "<group>"; };
		F4CB302B1D09750F00ED565A /* photomasterTests.xctest */ = {isa = PBXFileReference; explicitFileType = wrapper.cfbundle; includeInIndex = 0; path = photomasterTests.xctest; sourceTree = BUILT_PRODUCTS_DIR; };
		F4CB302F1D09750F00ED565A /* photomasterTests.swift */ = {isa = PBXFileReference; lastKnownFileType = sourcecode.swift; path = photomasterTests.swift; sourceTree = "<group>"; };
		F4CB30311D09750F00ED565A /* Info.plist */ = {isa = PBXFileReference; lastKnownFileType = text.plist.xml; path = Info.plist; sourceTree = "<group>"; };
		F4CB30361D09750F00ED565A /* photomasterUITests.xctest */ = {isa = PBXFileReference; explicitFileType = wrapper.cfbundle; includeInIndex = 0; path = photomasterUITests.xctest; sourceTree = BUILT_PRODUCTS_DIR; };
		F4CB303A1D09750F00ED565A /* photomasterUITests.swift */ = {isa = PBXFileReference; lastKnownFileType = sourcecode.swift; path = photomasterUITests.swift; sourceTree = "<group>"; };
		F4CB303C1D09750F00ED565A /* Info.plist */ = {isa = PBXFileReference; lastKnownFileType = text.plist.xml; path = Info.plist; sourceTree = "<group>"; };
/* End PBXFileReference section */

/* Begin PBXFrameworksBuildPhase section */
		F4CB30141D09750F00ED565A /* Frameworks */ = {
			isa = PBXFrameworksBuildPhase;
			buildActionMask = 2147483647;
			files = (
			);
			runOnlyForDeploymentPostprocessing = 0;
		};
		F4CB30281D09750F00ED565A /* Frameworks */ = {
			isa = PBXFrameworksBuildPhase;
			buildActionMask = 2147483647;
			files = (
			);
			runOnlyForDeploymentPostprocessing = 0;
		};
		F4CB30331D09750F00ED565A /* Frameworks */ = {
			isa = PBXFrameworksBuildPhase;
			buildActionMask = 2147483647;
			files = (
			);
			runOnlyForDeploymentPostprocessing = 0;
		};
/* End PBXFrameworksBuildPhase section */

/* Begin PBXGroup section */
		F4CB300E1D09750F00ED565A = {
			isa = PBXGroup;
			children = (
				F4CB30191D09750F00ED565A /* photomaster */,
				F4CB302E1D09750F00ED565A /* photomasterTests */,
				F4CB30391D09750F00ED565A /* photomasterUITests */,
				F4CB30181D09750F00ED565A /* Products */,
			);
			sourceTree = "<group>";
		};
		F4CB30181D09750F00ED565A /* Products */ = {
			isa = PBXGroup;
			children = (
				F4CB30171D09750F00ED565A /* photomaster.app */,
				F4CB302B1D09750F00ED565A /* photomasterTests.xctest */,
				F4CB30361D09750F00ED565A /* photomasterUITests.xctest */,
			);
			name = Products;
			sourceTree = "<group>";
		};
		F4CB30191D09750F00ED565A /* photomaster */ = {
			isa = PBXGroup;
			children = (
				F4CB301A1D09750F00ED565A /* AppDelegate.swift */,
				F4CB301C1D09750F00ED565A /* ViewController.swift */,
				F4CB301E1D09750F00ED565A /* Main.storyboard */,
				F4CB30211D09750F00ED565A /* Assets.xcassets */,
				F4CB30231D09750F00ED565A /* LaunchScreen.storyboard */,
				F4CB30261D09750F00ED565A /* Info.plist */,
			);
			path = photomaster;
			sourceTree = "<group>";
		};
		F4CB302E1D09750F00ED565A /* photomasterTests */ = {
			isa = PBXGroup;
			children = (
				F4CB302F1D09750F00ED565A /* photomasterTests.swift */,
				F4CB30311D09750F00ED565A /* Info.plist */,
			);
			path = photomasterTests;
			sourceTree = "<group>";
		};
		F4CB30391D09750F00ED565A /* photomasterUITests */ = {
			isa = PBXGroup;
			children = (
				F4CB303A1D09750F00ED565A /* photomasterUITests.swift */,
				F4CB303C1D09750F00ED565A /* Info.plist */,
			);
			path = photomasterUITests;
			sourceTree = "<group>";
		};
/* End PBXGroup section */

/* Begin PBXNativeTarget section */
		F4CB30161D09750F00ED565A /* photomaster */ = {
			isa = PBXNativeTarget;
			buildConfigurationList = F4CB303F1D09750F00ED565A /* Build configuration list for PBXNativeTarget "photomaster" */;
			buildPhases = (
				F4CB30131D09750F00ED565A /* Sources */,
				F4CB30141D09750F00ED565A /* Frameworks */,
				F4CB30151D09750F00ED565A /* Resources */,
			);
			buildRules = (
			);
			dependencies = (
			);
			name = photomaster;
			productName = photomaster;
			productReference = F4CB30171D09750F00ED565A /* photomaster.app */;
			productType = "com.apple.product-type.application";
		};
		F4CB302A1D09750F00ED565A /* photomasterTests */ = {
			isa = PBXNativeTarget;
			buildConfigurationList = F4CB30421D09750F00ED565A /* Build configuration list for PBXNativeTarget "photomasterTests" */;
			buildPhases = (
				F4CB30271D09750F00ED565A /* Sources */,
				F4CB30281D09750F00ED565A /* Frameworks */,
				F4CB30291D09750F00ED565A /* Resources */,
			);
			buildRules = (
			);
			dependencies = (
				F4CB302D1D09750F00ED565A /* PBXTargetDependency */,
			);
			name = photomasterTests;
			productName = photomasterTests;
			productReference = F4CB302B1D09750F00ED565A /* photomasterTests.xctest */;
			productType = "com.apple.product-type.bundle.unit-test";
		};
		F4CB30351D09750F00ED565A /* photomasterUITests */ = {
			isa = PBXNativeTarget;
			buildConfigurationList = F4CB30451D09750F00ED565A /* Build configuration list for PBXNativeTarget "photomasterUITests" */;
			buildPhases = (
				F4CB30321D09750F00ED565A /* Sources */,
				F4CB30331D09750F00ED565A /* Frameworks */,
				F4CB30341D09750F00ED565A /* Resources */,
			);
			buildRules = (
			);
			dependencies = (
				F4CB30381D09750F00ED565A /* PBXTargetDependency */,
			);
			name = photomasterUITests;
			productName = photomasterUITests;
			productReference = F4CB30361D09750F00ED565A /* photomasterUITests.xctest */;
			productType = "com.apple.product-type.bundle.ui-testing";
		};
/* End PBXNativeTarget section */

/* Begin PBXProject section */
		F4CB300F1D09750F00ED565A /* Project object */ = {
			isa = PBXProject;
			attributes = {
				LastSwiftUpdateCheck = 0730;
				LastUpgradeCheck = 0730;
				ORGANIZATIONNAME = "内山香";
				TargetAttributes = {
					F4CB30161D09750F00ED565A = {
						CreatedOnToolsVersion = 7.3.1;
						DevelopmentTeam = C578ECDZ7M;
					};
					F4CB302A1D09750F00ED565A = {
						CreatedOnToolsVersion = 7.3.1;
						TestTargetID = F4CB30161D09750F00ED565A;
					};
					F4CB30351D09750F00ED565A = {
						CreatedOnToolsVersion = 7.3.1;
						TestTargetID = F4CB30161D09750F00ED565A;
					};
				};
			};
			buildConfigurationList = F4CB30121D09750F00ED565A /* Build configuration list for PBXProject "photomaster" */;
			compatibilityVersion = "Xcode 3.2";
			developmentRegion = English;
			hasScannedForEncodings = 0;
			knownRegions = (
				en,
				Base,
			);
			mainGroup = F4CB300E1D09750F00ED565A;
			productRefGroup = F4CB30181D09750F00ED565A /* Products */;
			projectDirPath = "";
			projectRoot = "";
			targets = (
				F4CB30161D09750F00ED565A /* photomaster */,
				F4CB302A1D09750F00ED565A /* photomasterTests */,
				F4CB30351D09750F00ED565A /* photomasterUITests */,
			);
		};
/* End PBXProject section */

/* Begin PBXResourcesBuildPhase section */
		F4CB30151D09750F00ED565A /* Resources */ = {
			isa = PBXResourcesBuildPhase;
			buildActionMask = 2147483647;
			files = (
				F4CB30251D09750F00ED565A /* LaunchScreen.storyboard in Resources */,
				F4CB30221D09750F00ED565A /* Assets.xcassets in Resources */,
				F4CB30201D09750F00ED565A /* Main.storyboard in Resources */,
			);
			runOnlyForDeploymentPostprocessing = 0;
		};
		F4CB30291D09750F00ED565A /* Resources */ = {
			isa = PBXResourcesBuildPhase;
			buildActionMask = 2147483647;
			files = (
			);
			runOnlyForDeploymentPostprocessing = 0;
		};
		F4CB30341D09750F00ED565A /* Resources */ = {
			isa = PBXResourcesBuildPhase;
			buildActionMask = 2147483647;
			files = (
			);
			runOnlyForDeploymentPostprocessing = 0;
		};
/* End PBXResourcesBuildPhase section */

/* Begin PBXSourcesBuildPhase section */
		F4CB30131D09750F00ED565A /* Sources */ = {
			isa = PBXSourcesBuildPhase;
			buildActionMask = 2147483647;
			files = (
				F4CB301D1D09750F00ED565A /* ViewController.swift in Sources */,
				F4CB301B1D09750F00ED565A /* AppDelegate.swift in Sources */,
			);
			runOnlyForDeploymentPostprocessing = 0;
		};
		F4CB30271D09750F00ED565A /* Sources */ = {
			isa = PBXSourcesBuildPhase;
			buildActionMask = 2147483647;
			files = (
				F4CB30301D09750F00ED565A /* photomasterTests.swift in Sources */,
			);
			runOnlyForDeploymentPostprocessing = 0;
		};
		F4CB30321D09750F00ED565A /* Sources */ = {
			isa = PBXSourcesBuildPhase;
			buildActionMask = 2147483647;
			files = (
				F4CB303B1D09750F00ED565A /* photomasterUITests.swift in Sources */,
			);
			runOnlyForDeploymentPostprocessing = 0;
		};
/* End PBXSourcesBuildPhase section */

/* Begin PBXTargetDependency section */
		F4CB302D1D09750F00ED565A /* PBXTargetDependency */ = {
			isa = PBXTargetDependency;
			target = F4CB30161D09750F00ED565A /* photomaster */;
			targetProxy = F4CB302C1D09750F00ED565A /* PBXContainerItemProxy */;
		};
		F4CB30381D09750F00ED565A /* PBXTargetDependency */ = {
			isa = PBXTargetDependency;
			target = F4CB30161D09750F00ED565A /* photomaster */;
			targetProxy = F4CB30371D09750F00ED565A /* PBXContainerItemProxy */;
		};
/* End PBXTargetDependency section */

/* Begin PBXVariantGroup section */
		F4CB301E1D09750F00ED565A /* Main.storyboard */ = {
			isa = PBXVariantGroup;
			children = (
				F4CB301F1D09750F00ED565A /* Base */,
			);
			name = Main.storyboard;
			sourceTree = "<group>";
		};
		F4CB30231D09750F00ED565A /* LaunchScreen.storyboard */ = {
			isa = PBXVariantGroup;
			children = (
				F4CB30241D09750F00ED565A /* Base */,
			);
			name = LaunchScreen.storyboard;
			sourceTree = "<group>";
		};
/* End PBXVariantGroup section */

/* Begin XCBuildConfiguration section */
		F4CB303D1D09750F00ED565A /* Debug */ = {
			isa = XCBuildConfiguration;
			buildSettings = {
				ALWAYS_SEARCH_USER_PATHS = NO;
				CLANG_ANALYZER_NONNULL = YES;
				CLANG_CXX_LANGUAGE_STANDARD = "gnu++0x";
				CLANG_CXX_LIBRARY = "libc++";
				CLANG_ENABLE_MODULES = YES;
				CLANG_ENABLE_OBJC_ARC = YES;
				CLANG_WARN_BOOL_CONVERSION = YES;
				CLANG_WARN_CONSTANT_CONVERSION = YES;
				CLANG_WARN_DIRECT_OBJC_ISA_USAGE = YES_ERROR;
				CLANG_WARN_EMPTY_BODY = YES;
				CLANG_WARN_ENUM_CONVERSION = YES;
				CLANG_WARN_INT_CONVERSION = YES;
				CLANG_WARN_OBJC_ROOT_CLASS = YES_ERROR;
				CLANG_WARN_UNREACHABLE_CODE = YES;
				CLANG_WARN__DUPLICATE_METHOD_MATCH = YES;
				"CODE_SIGN_IDENTITY[sdk=iphoneos*]" = "iPhone Developer";
				COPY_PHASE_STRIP = NO;
				DEBUG_INFORMATION_FORMAT = dwarf;
				ENABLE_STRICT_OBJC_MSGSEND = YES;
				ENABLE_TESTABILITY = YES;
				GCC_C_LANGUAGE_STANDARD = gnu99;
				GCC_DYNAMIC_NO_PIC = NO;
				GCC_NO_COMMON_BLOCKS = YES;
				GCC_OPTIMIZATION_LEVEL = 0;
				GCC_PREPROCESSOR_DEFINITIONS = (
					"DEBUG=1",
					"$(inherited)",
				);
				GCC_WARN_64_TO_32_BIT_CONVERSION = YES;
				GCC_WARN_ABOUT_RETURN_TYPE = YES_ERROR;
				GCC_WARN_UNDECLARED_SELECTOR = YES;
				GCC_WARN_UNINITIALIZED_AUTOS = YES_AGGRESSIVE;
				GCC_WARN_UNUSED_FUNCTION = YES;
				GCC_WARN_UNUSED_VARIABLE = YES;
				IPHONEOS_DEPLOYMENT_TARGET = 9.3;
				MTL_ENABLE_DEBUG_INFO = YES;
				ONLY_ACTIVE_ARCH = YES;
				SDKROOT = iphoneos;
				SWIFT_OPTIMIZATION_LEVEL = "-Onone";
				TARGETED_DEVICE_FAMILY = "1,2";
			};
			name = Debug;
		};
		F4CB303E1D09750F00ED565A /* Release */ = {
			isa = XCBuildConfiguration;
			buildSettings = {
				ALWAYS_SEARCH_USER_PATHS = NO;
				CLANG_ANALYZER_NONNULL = YES;
				CLANG_CXX_LANGUAGE_STANDARD = "gnu++0x";
				CLANG_CXX_LIBRARY = "libc++";
				CLANG_ENABLE_MODULES = YES;
				CLANG_ENABLE_OBJC_ARC = YES;
				CLANG_WARN_BOOL_CONVERSION = YES;
				CLANG_WARN_CONSTANT_CONVERSION = YES;
				CLANG_WARN_DIRECT_OBJC_ISA_USAGE = YES_ERROR;
				CLANG_WARN_EMPTY_BODY = YES;
				CLANG_WARN_ENUM_CONVERSION = YES;
				CLANG_WARN_INT_CONVERSION = YES;
				CLANG_WARN_OBJC_ROOT_CLASS = YES_ERROR;
				CLANG_WARN_UNREACHABLE_CODE = YES;
				CLANG_WARN__DUPLICATE_METHOD_MATCH = YES;
				"CODE_SIGN_IDENTITY[sdk=iphoneos*]" = "iPhone Developer";
				COPY_PHASE_STRIP = NO;
				DEBUG_INFORMATION_FORMAT = "dwarf-with-dsym";
				ENABLE_NS_ASSERTIONS = NO;
				ENABLE_STRICT_OBJC_MSGSEND = YES;
				GCC_C_LANGUAGE_STANDARD = gnu99;
				GCC_NO_COMMON_BLOCKS = YES;
				GCC_WARN_64_TO_32_BIT_CONVERSION = YES;
				GCC_WARN_ABOUT_RETURN_TYPE = YES_ERROR;
				GCC_WARN_UNDECLARED_SELECTOR = YES;
				GCC_WARN_UNINITIALIZED_AUTOS = YES_AGGRESSIVE;
				GCC_WARN_UNUSED_FUNCTION = YES;
				GCC_WARN_UNUSED_VARIABLE = YES;
				IPHONEOS_DEPLOYMENT_TARGET = 9.3;
				MTL_ENABLE_DEBUG_INFO = NO;
				SDKROOT = iphoneos;
				TARGETED_DEVICE_FAMILY = "1,2";
				VALIDATE_PRODUCT = YES;
			};
			name = Release;
		};
		F4CB30401D09750F00ED565A /* Debug */ = {
			isa = XCBuildConfiguration;
			buildSettings = {
				ASSETCATALOG_COMPILER_APPICON_NAME = AppIcon;
				CODE_SIGN_IDENTITY = "iPhone Developer";
				"CODE_SIGN_IDENTITY[sdk=iphoneos*]" = "iPhone Developer";
				INFOPLIST_FILE = photomaster/Info.plist;
				LD_RUNPATH_SEARCH_PATHS = "$(inherited) @executable_path/Frameworks";
				PRODUCT_BUNDLE_IDENTIFIER = litech.com.photomaster;
				PRODUCT_NAME = "$(TARGET_NAME)";
				PROVISIONING_PROFILE = "";
			};
			name = Debug;
		};
		F4CB30411D09750F00ED565A /* Release */ = {
			isa = XCBuildConfiguration;
			buildSettings = {
				ASSETCATALOG_COMPILER_APPICON_NAME = AppIcon;
				CODE_SIGN_IDENTITY = "iPhone Developer";
				"CODE_SIGN_IDENTITY[sdk=iphoneos*]" = "iPhone Developer";
				INFOPLIST_FILE = photomaster/Info.plist;
				LD_RUNPATH_SEARCH_PATHS = "$(inherited) @executable_path/Frameworks";
				PRODUCT_BUNDLE_IDENTIFIER = litech.com.photomaster;
				PRODUCT_NAME = "$(TARGET_NAME)";
				PROVISIONING_PROFILE = "";
			};
			name = Release;
		};
		F4CB30431D09750F00ED565A /* Debug */ = {
			isa = XCBuildConfiguration;
			buildSettings = {
				BUNDLE_LOADER = "$(TEST_HOST)";
				INFOPLIST_FILE = photomasterTests/Info.plist;
				LD_RUNPATH_SEARCH_PATHS = "$(inherited) @executable_path/Frameworks @loader_path/Frameworks";
				PRODUCT_BUNDLE_IDENTIFIER = litech.com.photomasterTests;
				PRODUCT_NAME = "$(TARGET_NAME)";
				TEST_HOST = "$(BUILT_PRODUCTS_DIR)/photomaster.app/photomaster";
			};
			name = Debug;
		};
		F4CB30441D09750F00ED565A /* Release */ = {
			isa = XCBuildConfiguration;
			buildSettings = {
				BUNDLE_LOADER = "$(TEST_HOST)";
				INFOPLIST_FILE = photomasterTests/Info.plist;
				LD_RUNPATH_SEARCH_PATHS = "$(inherited) @executable_path/Frameworks @loader_path/Frameworks";
				PRODUCT_BUNDLE_IDENTIFIER = litech.com.photomasterTests;
				PRODUCT_NAME = "$(TARGET_NAME)";
				TEST_HOST = "$(BUILT_PRODUCTS_DIR)/photomaster.app/photomaster";
			};
			name = Release;
		};
		F4CB30461D09750F00ED565A /* Debug */ = {
			isa = XCBuildConfiguration;
			buildSettings = {
				INFOPLIST_FILE = photomasterUITests/Info.plist;
				LD_RUNPATH_SEARCH_PATHS = "$(inherited) @executable_path/Frameworks @loader_path/Frameworks";
				PRODUCT_BUNDLE_IDENTIFIER = litech.com.photomasterUITests;
				PRODUCT_NAME = "$(TARGET_NAME)";
				TEST_TARGET_NAME = photomaster;
			};
			name = Debug;
		};
		F4CB30471D09750F00ED565A /* Release */ = {
			isa = XCBuildConfiguration;
			buildSettings = {
				INFOPLIST_FILE = photomasterUITests/Info.plist;
				LD_RUNPATH_SEARCH_PATHS = "$(inherited) @executable_path/Frameworks @loader_path/Frameworks";
				PRODUCT_BUNDLE_IDENTIFIER = litech.com.photomasterUITests;
				PRODUCT_NAME = "$(TARGET_NAME)";
				TEST_TARGET_NAME = photomaster;
			};
			name = Release;
		};
/* End XCBuildConfiguration section */

/* Begin XCConfigurationList section */
		F4CB30121D09750F00ED565A /* Build configuration list for PBXProject "photomaster" */ = {
			isa = XCConfigurationList;
			buildConfigurations = (
				F4CB303D1D09750F00ED565A /* Debug */,
				F4CB303E1D09750F00ED565A /* Release */,
			);
			defaultConfigurationIsVisible = 0;
			defaultConfigurationName = Release;
		};
		F4CB303F1D09750F00ED565A /* Build configuration list for PBXNativeTarget "photomaster" */ = {
			isa = XCConfigurationList;
			buildConfigurations = (
				F4CB30401D09750F00ED565A /* Debug */,
				F4CB30411D09750F00ED565A /* Release */,
			);
			defaultConfigurationIsVisible = 0;
		};
		F4CB30421D09750F00ED565A /* Build configuration list for PBXNativeTarget "photomasterTests" */ = {
			isa = XCConfigurationList;
			buildConfigurations = (
				F4CB30431D09750F00ED565A /* Debug */,
				F4CB30441D09750F00ED565A /* Release */,
			);
			defaultConfigurationIsVisible = 0;
		};
		F4CB30451D09750F00ED565A /* Build configuration list for PBXNativeTarget "photomasterUITests" */ = {
			isa = XCConfigurationList;
			buildConfigurations = (
				F4CB30461D09750F00ED565A /* Debug */,
				F4CB30471D09750F00ED565A /* Release */,
			);
			defaultConfigurationIsVisible = 0;
		};
/* End XCConfigurationList section */
	};
	rootObject = F4CB300F1D09750F00ED565A /* Project object */;
}
